
Microsoft Visual Studio Solution File, Format Version 12.00
# Visual Studio for Mac
Project("{FAE04EC0-301F-11D3-BF4B-00C04F79EFBC}") = "Assembly-CSharp", "Assembly-CSharp.csproj", "{5DF7B0FC-9D73-FEBA-1F2A-186220646EA5}"
EndProject
Project("{FAE04EC0-301F-11D3-BF4B-00C04F79EFBC}") = "Assembly-CSharp-Editor", "Assembly-CSharp-Editor.csproj", "{C46BE8A1-2C17-F2B1-7B95-63B5538506F7}"
EndProject
Global
	GlobalSection(SolutionConfigurationPlatforms) = preSolution
		Debug|Any CPU = Debug|Any CPU
		Release|Any CPU = Release|Any CPU
	EndGlobalSection
	GlobalSection(ProjectConfigurationPlatforms) = postSolution
		{5DF7B0FC-9D73-FEBA-1F2A-186220646EA5}.Debug|Any CPU.ActiveCfg = Debug|Any CPU
		{5DF7B0FC-9D73-FEBA-1F2A-186220646EA5}.Debug|Any CPU.Build.0 = Debug|Any CPU
		{5DF7B0FC-9D73-FEBA-1F2A-186220646EA5}.Release|Any CPU.ActiveCfg = Release|Any CPU
		{5DF7B0FC-9D73-FEBA-1F2A-186220646EA5}.Release|Any CPU.Build.0 = Release|Any CPU
		{C46BE8A1-2C17-F2B1-7B95-63B5538506F7}.Debug|Any CPU.ActiveCfg = Debug|Any CPU
		{C46BE8A1-2C17-F2B1-7B95-63B5538506F7}.Debug|Any CPU.Build.0 = Debug|Any CPU
		{C46BE8A1-2C17-F2B1-7B95-63B5538506F7}.Release|Any CPU.ActiveCfg = Release|Any CPU
		{C46BE8A1-2C17-F2B1-7B95-63B5538506F7}.Release|Any CPU.Build.0 = Release|Any CPU
	EndGlobalSection
	GlobalSection(SolutionProperties) = preSolution
		HideSolutionNode = FALSE
	EndGlobalSection
	GlobalSection(MonoDevelopProperties) = preSolution
		StartupItem = Assembly-CSharp.csproj
	EndGlobalSection
EndGlobal
